
Microsoft Visual Studio Solution File, Format Version 12.00
# Visual Studio Version 16
VisualStudioVersion = 16.0.29306.81
MinimumVisualStudioVersion = 10.0.40219.1
Project("{FAE04EC0-301F-11D3-BF4B-00C04F79EFBC}") = "DynamicChartBuilder", "DynamicChartBuilder.csproj", "{AADA1A4D-2DDD-46FC-A1CE-337CD1053804}"
EndProject
Project("{FAE04EC0-301F-11D3-BF4B-00C04F79EFBC}") = "DynamicChartBuilderWeb", "..\DynamicChartBuilderWeb\DynamicChartBuilderWeb.csproj", "{D159C8A1-D7F7-468B-899F-785EB04639C7}"
EndProject
Global
	GlobalSection(SolutionConfigurationPlatforms) = preSolution
		Debug|Any CPU = Debug|Any CPU
		Release|Any CPU = Release|Any CPU
	EndGlobalSection
	GlobalSection(ProjectConfigurationPlatforms) = postSolution
		{AADA1A4D-2DDD-46FC-A1CE-337CD1053804}.Debug|Any CPU.ActiveCfg = Debug|Any CPU
		{AADA1A4D-2DDD-46FC-A1CE-337CD1053804}.Debug|Any CPU.Build.0 = Debug|Any CPU
		{AADA1A4D-2DDD-46FC-A1CE-337CD1053804}.Debug|Any CPU.Deploy.0 = Debug|Any CPU
		{AADA1A4D-2DDD-46FC-A1CE-337CD1053804}.Release|Any CPU.ActiveCfg = Release|Any CPU
		{AADA1A4D-2DDD-46FC-A1CE-337CD1053804}.Release|Any CPU.Build.0 = Release|Any CPU
		{AADA1A4D-2DDD-46FC-A1CE-337CD1053804}.Release|Any CPU.Deploy.0 = Release|Any CPU
		{D159C8A1-D7F7-468B-899F-785EB04639C7}.Debug|Any CPU.ActiveCfg = Debug|Any CPU
		{D159C8A1-D7F7-468B-899F-785EB04639C7}.Debug|Any CPU.Build.0 = Debug|Any CPU
		{D159C8A1-D7F7-468B-899F-785EB04639C7}.Release|Any CPU.ActiveCfg = Release|Any CPU
		{D159C8A1-D7F7-468B-899F-785EB04639C7}.Release|Any CPU.Build.0 = Release|Any CPU
	EndGlobalSection
	GlobalSection(SolutionProperties) = preSolution
		HideSolutionNode = FALSE
	EndGlobalSection
	GlobalSection(ExtensibilityGlobals) = postSolution
		SolutionGuid = {071E0531-924A-433C-993B-F3074543843F}
	EndGlobalSection
EndGlobal
